
Microsoft Visual Studio Solution File, Format Version 12.00
# Visual Studio 2013
VisualStudioVersion = 12.0.21005.1
MinimumVisualStudioVersion = 10.0.40219.1
Project("{8BC9CEB8-8B4A-11D0-8D11-00A0C91BC942}") = "Salary calculator", "Salary calculator\Salary calculator.vcxproj", "{C191DEFF-4D65-46C9-B714-026A86C0D587}"
EndProject
Global
	GlobalSection(SolutionConfigurationPlatforms) = preSolution
		Debug|Win32 = Debug|Win32
		Release|Win32 = Release|Win32
	EndGlobalSection
	GlobalSection(ProjectConfigurationPlatforms) = postSolution
		{C191DEFF-4D65-46C9-B714-026A86C0D587}.Debug|Win32.ActiveCfg = Debug|Win32
		{C191DEFF-4D65-46C9-B714-026A86C0D587}.Debug|Win32.Build.0 = Debug|Win32
		{C191DEFF-4D65-46C9-B714-026A86C0D587}.Release|Win32.ActiveCfg = Release|Win32
		{C191DEFF-4D65-46C9-B714-026A86C0D587}.Release|Win32.Build.0 = Release|Win32
	EndGlobalSection
	GlobalSection(SolutionProperties) = preSolution
		HideSolutionNode = FALSE
	EndGlobalSection
EndGlobal
