
Microsoft Visual Studio Solution File, Format Version 12.00
# Visual Studio 15
VisualStudioVersion = 15.0.28010.2016
MinimumVisualStudioVersion = 10.0.40219.1
Project("{8BC9CEB8-8B4A-11D0-8D11-00A0C91BC942}") = "Gray_Code", "Gray_Code\Gray_Code.vcxproj", "{E8E402DC-9434-4FC3-B05D-C1A196674EDD}"
EndProject
Global
	GlobalSection(SolutionConfigurationPlatforms) = preSolution
		Debug|x64 = Debug|x64
		Debug|x86 = Debug|x86
		Release|x64 = Release|x64
		Release|x86 = Release|x86
	EndGlobalSection
	GlobalSection(ProjectConfigurationPlatforms) = postSolution
		{E8E402DC-9434-4FC3-B05D-C1A196674EDD}.Debug|x64.ActiveCfg = Debug|x64
		{E8E402DC-9434-4FC3-B05D-C1A196674EDD}.Debug|x64.Build.0 = Debug|x64
		{E8E402DC-9434-4FC3-B05D-C1A196674EDD}.Debug|x86.ActiveCfg = Debug|Win32
		{E8E402DC-9434-4FC3-B05D-C1A196674EDD}.Debug|x86.Build.0 = Debug|Win32
		{E8E402DC-9434-4FC3-B05D-C1A196674EDD}.Release|x64.ActiveCfg = Release|x64
		{E8E402DC-9434-4FC3-B05D-C1A196674EDD}.Release|x64.Build.0 = Release|x64
		{E8E402DC-9434-4FC3-B05D-C1A196674EDD}.Release|x86.ActiveCfg = Release|Win32
		{E8E402DC-9434-4FC3-B05D-C1A196674EDD}.Release|x86.Build.0 = Release|Win32
	EndGlobalSection
	GlobalSection(SolutionProperties) = preSolution
		HideSolutionNode = FALSE
	EndGlobalSection
	GlobalSection(ExtensibilityGlobals) = postSolution
		SolutionGuid = {E8405775-CCC4-4B4D-A316-A3022DCB0B37}
	EndGlobalSection
EndGlobal
